
Microsoft Visual Studio Solution File, Format Version 12.00
# Visual Studio Version 16
VisualStudioVersion = 16.0.29613.14
MinimumVisualStudioVersion = 10.0.40219.1
Project("{FAE04EC0-301F-11D3-BF4B-00C04F79EFBC}") = "Thi_KTM_WebTM", "Bài thi ASP.NET\Thi_KTM_WebTM.csproj", "{C02AB426-8505-4C45-B6E5-4F040998B222}"
EndProject
Global
	GlobalSection(SolutionConfigurationPlatforms) = preSolution
		Debug|Any CPU = Debug|Any CPU
		Release|Any CPU = Release|Any CPU
	EndGlobalSection
	GlobalSection(ProjectConfigurationPlatforms) = postSolution
		{C02AB426-8505-4C45-B6E5-4F040998B222}.Debug|Any CPU.ActiveCfg = Debug|Any CPU
		{C02AB426-8505-4C45-B6E5-4F040998B222}.Debug|Any CPU.Build.0 = Debug|Any CPU
		{C02AB426-8505-4C45-B6E5-4F040998B222}.Release|Any CPU.ActiveCfg = Release|Any CPU
		{C02AB426-8505-4C45-B6E5-4F040998B222}.Release|Any CPU.Build.0 = Release|Any CPU
	EndGlobalSection
	GlobalSection(SolutionProperties) = preSolution
		HideSolutionNode = FALSE
	EndGlobalSection
	GlobalSection(ExtensibilityGlobals) = postSolution
		SolutionGuid = {DFA041DA-2A07-4EBB-A47F-E84E709BE5EC}
	EndGlobalSection
EndGlobal
